
Microsoft Visual Studio Solution File, Format Version 12.00
Project("{FAE04EC0-301F-11D3-BF4B-00C04F79EFBC}") = "CentavoControl.Domain", "CentavoControl.Domain\CentavoControl.Domain.csproj", "{FBF214AB-BAAC-4981-B2A4-B416F677979D}"
EndProject
Project("{FAE04EC0-301F-11D3-BF4B-00C04F79EFBC}") = "CentavoControl.Infrastructure", "CentavoControl.Infrastructure\CentavoControl.Infrastructure.csproj", "{AAF6EE88-9D30-42DB-8A09-DC0A5B51B6B6}"
EndProject
Project("{FAE04EC0-301F-11D3-BF4B-00C04F79EFBC}") = "CentavoControl.UnitTest", "..\test\CentavoControl.UnitTest\CentavoControl.UnitTest.csproj", "{3B31FFE2-1973-4939-817B-E42B64F41D4F}"
EndProject
Project("{FAE04EC0-301F-11D3-BF4B-00C04F79EFBC}") = "CentavoControl", "CentavoControl\CentavoControl.csproj", "{286F5BF2-E3B2-47B9-B753-3920FFE85A19}"
EndProject
Project("{FAE04EC0-301F-11D3-BF4B-00C04F79EFBC}") = "CentavoControl.Application", "CentavoControl.Application\CentavoControl.Application.csproj", "{80FB0AE8-8359-468D-B82F-AD91E84295E6}"
EndProject
Global
	GlobalSection(SolutionConfigurationPlatforms) = preSolution
		Debug|Any CPU = Debug|Any CPU
		Release|Any CPU = Release|Any CPU
	EndGlobalSection
	GlobalSection(ProjectConfigurationPlatforms) = postSolution
		{FBF214AB-BAAC-4981-B2A4-B416F677979D}.Debug|Any CPU.ActiveCfg = Debug|Any CPU
		{FBF214AB-BAAC-4981-B2A4-B416F677979D}.Debug|Any CPU.Build.0 = Debug|Any CPU
		{FBF214AB-BAAC-4981-B2A4-B416F677979D}.Release|Any CPU.ActiveCfg = Release|Any CPU
		{FBF214AB-BAAC-4981-B2A4-B416F677979D}.Release|Any CPU.Build.0 = Release|Any CPU
		{AAF6EE88-9D30-42DB-8A09-DC0A5B51B6B6}.Debug|Any CPU.ActiveCfg = Debug|Any CPU
		{AAF6EE88-9D30-42DB-8A09-DC0A5B51B6B6}.Debug|Any CPU.Build.0 = Debug|Any CPU
		{AAF6EE88-9D30-42DB-8A09-DC0A5B51B6B6}.Release|Any CPU.ActiveCfg = Release|Any CPU
		{AAF6EE88-9D30-42DB-8A09-DC0A5B51B6B6}.Release|Any CPU.Build.0 = Release|Any CPU
		{3B31FFE2-1973-4939-817B-E42B64F41D4F}.Debug|Any CPU.ActiveCfg = Debug|Any CPU
		{3B31FFE2-1973-4939-817B-E42B64F41D4F}.Debug|Any CPU.Build.0 = Debug|Any CPU
		{3B31FFE2-1973-4939-817B-E42B64F41D4F}.Release|Any CPU.ActiveCfg = Release|Any CPU
		{3B31FFE2-1973-4939-817B-E42B64F41D4F}.Release|Any CPU.Build.0 = Release|Any CPU
		{286F5BF2-E3B2-47B9-B753-3920FFE85A19}.Debug|Any CPU.ActiveCfg = Debug|Any CPU
		{286F5BF2-E3B2-47B9-B753-3920FFE85A19}.Debug|Any CPU.Build.0 = Debug|Any CPU
		{286F5BF2-E3B2-47B9-B753-3920FFE85A19}.Release|Any CPU.ActiveCfg = Release|Any CPU
		{286F5BF2-E3B2-47B9-B753-3920FFE85A19}.Release|Any CPU.Build.0 = Release|Any CPU
		{80FB0AE8-8359-468D-B82F-AD91E84295E6}.Debug|Any CPU.ActiveCfg = Debug|Any CPU
		{80FB0AE8-8359-468D-B82F-AD91E84295E6}.Debug|Any CPU.Build.0 = Debug|Any CPU
		{80FB0AE8-8359-468D-B82F-AD91E84295E6}.Release|Any CPU.ActiveCfg = Release|Any CPU
		{80FB0AE8-8359-468D-B82F-AD91E84295E6}.Release|Any CPU.Build.0 = Release|Any CPU
	EndGlobalSection
EndGlobal
